// !$*UTF8*$!
{
	archiveVersion = 1;
	classes = {
	};
	objectVersion = 50;
	objects = {

/* Begin PBXBuildFile section */
		4321CED02268E52500839894 /* AppDelegate.swift in Sources */ = {isa = PBXBuildFile; fileRef = 4321CECF2268E52500839894 /* AppDelegate.swift */; };
		4321CED22268E52500839894 /* ViewController.swift in Sources */ = {isa = PBXBuildFile; fileRef = 4321CED12268E52500839894 /* ViewController.swift */; };
		4321CED52268E52500839894 /* Main.storyboard in Resources */ = {isa = PBXBuildFile; fileRef = 4321CED32268E52500839894 /* Main.storyboard */; };
		4321CED72268E52600839894 /* Assets.xcassets in Resources */ = {isa = PBXBuildFile; fileRef = 4321CED62268E52600839894 /* Assets.xcassets */; };
		4321CEDA2268E52600839894 /* LaunchScreen.storyboard in Resources */ = {isa = PBXBuildFile; fileRef = 4321CED82268E52600839894 /* LaunchScreen.storyboard */; };
		4321CEE22268F12D00839894 /* QuizViewController.swift in Sources */ = {isa = PBXBuildFile; fileRef = 4321CEE12268F12D00839894 /* QuizViewController.swift */; };
		4321CEE42268F16700839894 /* ResultsViewController.swift in Sources */ = {isa = PBXBuildFile; fileRef = 4321CEE32268F16700839894 /* ResultsViewController.swift */; };
		439FC7382268FC1C007EE244 /* Quiz.swift in Sources */ = {isa = PBXBuildFile; fileRef = 439FC7372268FC1C007EE244 /* Quiz.swift */; };
		439FC73A2268FC37007EE244 /* QuizManager.swift in Sources */ = {isa = PBXBuildFile; fileRef = 439FC7392268FC37007EE244 /* QuizManager.swift */; };
/* End PBXBuildFile section */

/* Begin PBXFileReference section */
		4321CECC2268E52500839894 /* QuizAppSwift.app */ = {isa = PBXFileReference; explicitFileType = wrapper.application; includeInIndex = 0; path = QuizAppSwift.app; sourceTree = BUILT_PRODUCTS_DIR; };
		4321CECF2268E52500839894 /* AppDelegate.swift */ = {isa = PBXFileReference; lastKnownFileType = sourcecode.swift; path = AppDelegate.swift; sourceTree = "<group>"; };
		4321CED12268E52500839894 /* ViewController.swift */ = {isa = PBXFileReference; lastKnownFileType = sourcecode.swift; path = ViewController.swift; sourceTree = "<group>"; };
		4321CED42268E52500839894 /* Base */ = {isa = PBXFileReference; lastKnownFileType = file.storyboard; name = Base; path = Base.lproj/Main.storyboard; sourceTree = "<group>"; };
		4321CED62268E52600839894 /* Assets.xcassets */ = {isa = PBXFileReference; lastKnownFileType = folder.assetcatalog; path = Assets.xcassets; sourceTree = "<group>"; };
		4321CED92268E52600839894 /* Base */ = {isa = PBXFileReference; lastKnownFileType = file.storyboard; name = Base; path = Base.lproj/LaunchScreen.storyboard; sourceTree = "<group>"; };
		4321CEDB2268E52600839894 /* Info.plist */ = {isa = PBXFileReference; lastKnownFileType = text.plist.xml; path = Info.plist; sourceTree = "<group>"; };
		4321CEE12268F12D00839894 /* QuizViewController.swift */ = {isa = PBXFileReference; lastKnownFileType = sourcecode.swift; path = QuizViewController.swift; sourceTree = "<group>"; };
		4321CEE32268F16700839894 /* ResultsViewController.swift */ = {isa = PBXFileReference; lastKnownFileType = sourcecode.swift; path = ResultsViewController.swift; sourceTree = "<group>"; };
		439FC7372268FC1C007EE244 /* Quiz.swift */ = {isa = PBXFileReference; lastKnownFileType = sourcecode.swift; path = Quiz.swift; sourceTree = "<group>"; };
		439FC7392268FC37007EE244 /* QuizManager.swift */ = {isa = PBXFileReference; lastKnownFileType = sourcecode.swift; path = QuizManager.swift; sourceTree = "<group>"; };
/* End PBXFileReference section */

/* Begin PBXFrameworksBuildPhase section */
		4321CEC92268E52400839894 /* Frameworks */ = {
			isa = PBXFrameworksBuildPhase;
			buildActionMask = 2147483647;
			files = (
			);
			runOnlyForDeploymentPostprocessing = 0;
		};
/* End PBXFrameworksBuildPhase section */

/* Begin PBXGroup section */
		4321CEC32268E52400839894 = {
			isa = PBXGroup;
			children = (
				4321CECE2268E52500839894 /* QuizAppSwift */,
				4321CECD2268E52500839894 /* Products */,
			);
			sourceTree = "<group>";
		};
		4321CECD2268E52500839894 /* Products */ = {
			isa = PBXGroup;
			children = (
				4321CECC2268E52500839894 /* QuizAppSwift.app */,
			);
			name = Products;
			sourceTree = "<group>";
		};
		4321CECE2268E52500839894 /* QuizAppSwift */ = {
			isa = PBXGroup;
			children = (
				4321CECF2268E52500839894 /* AppDelegate.swift */,
				4321CED12268E52500839894 /* ViewController.swift */,
				439FC7372268FC1C007EE244 /* Quiz.swift */,
				439FC7392268FC37007EE244 /* QuizManager.swift */,
				4321CED32268E52500839894 /* Main.storyboard */,
				4321CED62268E52600839894 /* Assets.xcassets */,
				4321CED82268E52600839894 /* LaunchScreen.storyboard */,
				4321CEDB2268E52600839894 /* Info.plist */,
				4321CEE12268F12D00839894 /* QuizViewController.swift */,
				4321CEE32268F16700839894 /* ResultsViewController.swift */,
			);
			path = QuizAppSwift;
			sourceTree = "<group>";
		};
/* End PBXGroup section */

/* Begin PBXNativeTarget section */
		4321CECB2268E52400839894 /* QuizAppSwift */ = {
			isa = PBXNativeTarget;
			buildConfigurationList = 4321CEDE2268E52600839894 /* Build configuration list for PBXNativeTarget "QuizAppSwift" */;
			buildPhases = (
				4321CEC82268E52400839894 /* Sources */,
				4321CEC92268E52400839894 /* Frameworks */,
				4321CECA2268E52400839894 /* Resources */,
			);
			buildRules = (
			);
			dependencies = (
			);
			name = QuizAppSwift;
			productName = QuizAppSwift;
			productReference = 4321CECC2268E52500839894 /* QuizAppSwift.app */;
			productType = "com.apple.product-type.application";
		};
/* End PBXNativeTarget section */

/* Begin PBXProject section */
		4321CEC42268E52400839894 /* Project object */ = {
			isa = PBXProject;
			attributes = {
				LastSwiftUpdateCheck = 1020;
				LastUpgradeCheck = 1020;
				ORGANIZATIONNAME = "Leandro Roberto Medeiros";
				TargetAttributes = {
					4321CECB2268E52400839894 = {
						CreatedOnToolsVersion = 10.2.1;
					};
				};
			};
			buildConfigurationList = 4321CEC72268E52400839894 /* Build configuration list for PBXProject "QuizAppSwift" */;
			compatibilityVersion = "Xcode 9.3";
			developmentRegion = en;
			hasScannedForEncodings = 0;
			knownRegions = (
				en,
				Base,
			);
			mainGroup = 4321CEC32268E52400839894;
			productRefGroup = 4321CECD2268E52500839894 /* Products */;
			projectDirPath = "";
			projectRoot = "";
			targets = (
				4321CECB2268E52400839894 /* QuizAppSwift */,
			);
		};
/* End PBXProject section */

/* Begin PBXResourcesBuildPhase section */
		4321CECA2268E52400839894 /* Resources */ = {
			isa = PBXResourcesBuildPhase;
			buildActionMask = 2147483647;
			files = (
				4321CEDA2268E52600839894 /* LaunchScreen.storyboard in Resources */,
				4321CED72268E52600839894 /* Assets.xcassets in Resources */,
				4321CED52268E52500839894 /* Main.storyboard in Resources */,
			);
			runOnlyForDeploymentPostprocessing = 0;
		};
/* End PBXResourcesBuildPhase section */

/* Begin PBXSourcesBuildPhase section */
		4321CEC82268E52400839894 /* Sources */ = {
			isa = PBXSourcesBuildPhase;
			buildActionMask = 2147483647;
			files = (
				4321CEE22268F12D00839894 /* QuizViewController.swift in Sources */,
				439FC7382268FC1C007EE244 /* Quiz.swift in Sources */,
				4321CED22268E52500839894 /* ViewController.swift in Sources */,
				4321CED02268E52500839894 /* AppDelegate.swift in Sources */,
				439FC73A2268FC37007EE244 /* QuizManager.swift in Sources */,
				4321CEE42268F16700839894 /* ResultsViewController.swift in Sources */,
			);
			runOnlyForDeploymentPostprocessing = 0;
		};
/* End PBXSourcesBuildPhase section */

/* Begin PBXVariantGroup section */
		4321CED32268E52500839894 /* Main.storyboard */ = {
			isa = PBXVariantGroup;
			children = (
				4321CED42268E52500839894 /* Base */,
			);
			name = Main.storyboard;
			sourceTree = "<group>";
		};
		4321CED82268E52600839894 /* LaunchScreen.storyboard */ = {
			isa = PBXVariantGroup;
			children = (
				4321CED92268E52600839894 /* Base */,
			);
			name = LaunchScreen.storyboard;
			sourceTree = "<group>";
		};
/* End PBXVariantGroup section */

/* Begin XCBuildConfiguration section */
		4321CEDC2268E52600839894 /* Debug */ = {
			isa = XCBuildConfiguration;
			buildSettings = {
				ALWAYS_SEARCH_USER_PATHS = NO;
				CLANG_ANALYZER_NONNULL = YES;
				CLANG_ANALYZER_NUMBER_OBJECT_CONVERSION = YES_AGGRESSIVE;
				CLANG_CXX_LANGUAGE_STANDARD = "gnu++14";
				CLANG_CXX_LIBRARY = "libc++";
				CLANG_ENABLE_MODULES = YES;
				CLANG_ENABLE_OBJC_ARC = YES;
				CLANG_ENABLE_OBJC_WEAK = YES;
				CLANG_WARN_BLOCK_CAPTURE_AUTORELEASING = YES;
				CLANG_WARN_BOOL_CONVERSION = YES;
				CLANG_WARN_COMMA = YES;
				CLANG_WARN_CONSTANT_CONVERSION = YES;
				CLANG_WARN_DEPRECATED_OBJC_IMPLEMENTATIONS = YES;
				CLANG_WARN_DIRECT_OBJC_ISA_USAGE = YES_ERROR;
				CLANG_WARN_DOCUMENTATION_COMMENTS = YES;
				CLANG_WARN_EMPTY_BODY = YES;
				CLANG_WARN_ENUM_CONVERSION = YES;
				CLANG_WARN_INFINITE_RECURSION = YES;
				CLANG_WARN_INT_CONVERSION = YES;
				CLANG_WARN_NON_LITERAL_NULL_CONVERSION = YES;
				CLANG_WARN_OBJC_IMPLICIT_RETAIN_SELF = YES;
				CLANG_WARN_OBJC_LITERAL_CONVERSION = YES;
				CLANG_WARN_OBJC_ROOT_CLASS = YES_ERROR;
				CLANG_WARN_RANGE_LOOP_ANALYSIS = YES;
				CLANG_WARN_STRICT_PROTOTYPES = YES;
				CLANG_WARN_SUSPICIOUS_MOVE = YES;
				CLANG_WARN_UNGUARDED_AVAILABILITY = YES_AGGRESSIVE;
				CLANG_WARN_UNREACHABLE_CODE = YES;
				CLANG_WARN__DUPLICATE_METHOD_MATCH = YES;
				CODE_SIGN_IDENTITY = "iPhone Developer";
				COPY_PHASE_STRIP = NO;
				DEBUG_INFORMATION_FORMAT = dwarf;
				ENABLE_STRICT_OBJC_MSGSEND = YES;
				ENABLE_TESTABILITY = YES;
				GCC_C_LANGUAGE_STANDARD = gnu11;
				GCC_DYNAMIC_NO_PIC = NO;
				GCC_NO_COMMON_BLOCKS = YES;
				GCC_OPTIMIZATION_LEVEL = 0;
				GCC_PREPROCESSOR_DEFINITIONS = (
					"DEBUG=1",
					"$(inherited)",
				);
				GCC_WARN_64_TO_32_BIT_CONVERSION = YES;
				GCC_WARN_ABOUT_RETURN_TYPE = YES_ERROR;
				GCC_WARN_UNDECLARED_SELECTOR = YES;
				GCC_WARN_UNINITIALIZED_AUTOS = YES_AGGRESSIVE;
				GCC_WARN_UNUSED_FUNCTION = YES;
				GCC_WARN_UNUSED_VARIABLE = YES;
				IPHONEOS_DEPLOYMENT_TARGET = 12.2;
				MTL_ENABLE_DEBUG_INFO = INCLUDE_SOURCE;
				MTL_FAST_MATH = YES;
				ONLY_ACTIVE_ARCH = YES;
				SDKROOT = iphoneos;
				SWIFT_ACTIVE_COMPILATION_CONDITIONS = DEBUG;
				SWIFT_OPTIMIZATION_LEVEL = "-Onone";
			};
			name = Debug;
		};
		4321CEDD2268E52600839894 /* Release */ = {
			isa = XCBuildConfiguration;
			buildSettings = {
				ALWAYS_SEARCH_USER_PATHS = NO;
				CLANG_ANALYZER_NONNULL = YES;
				CLANG_ANALYZER_NUMBER_OBJECT_CONVERSION = YES_AGGRESSIVE;
				CLANG_CXX_LANGUAGE_STANDARD = "gnu++14";
				CLANG_CXX_LIBRARY = "libc++";
				CLANG_ENABLE_MODULES = YES;
				CLANG_ENABLE_OBJC_ARC = YES;
				CLANG_ENABLE_OBJC_WEAK = YES;
				CLANG_WARN_BLOCK_CAPTURE_AUTORELEASING = YES;
				CLANG_WARN_BOOL_CONVERSION = YES;
				CLANG_WARN_COMMA = YES;
				CLANG_WARN_CONSTANT_CONVERSION = YES;
				CLANG_WARN_DEPRECATED_OBJC_IMPLEMENTATIONS = YES;
				CLANG_WARN_DIRECT_OBJC_ISA_USAGE = YES_ERROR;
				CLANG_WARN_DOCUMENTATION_COMMENTS = YES;
				CLANG_WARN_EMPTY_BODY = YES;
				CLANG_WARN_ENUM_CONVERSION = YES;
				CLANG_WARN_INFINITE_RECURSION = YES;
				CLANG_WARN_INT_CONVERSION = YES;
				CLANG_WARN_NON_LITERAL_NULL_CONVERSION = YES;
				CLANG_WARN_OBJC_IMPLICIT_RETAIN_SELF = YES;
				CLANG_WARN_OBJC_LITERAL_CONVERSION = YES;
				CLANG_WARN_OBJC_ROOT_CLASS = YES_ERROR;
				CLANG_WARN_RANGE_LOOP_ANALYSIS = YES;
				CLANG_WARN_STRICT_PROTOTYPES = YES;
				CLANG_WARN_SUSPICIOUS_MOVE = YES;
				CLANG_WARN_UNGUARDED_AVAILABILITY = YES_AGGRESSIVE;
				CLANG_WARN_UNREACHABLE_CODE = YES;
				CLANG_WARN__DUPLICATE_METHOD_MATCH = YES;
				CODE_SIGN_IDENTITY = "iPhone Developer";
				COPY_PHASE_STRIP = NO;
				DEBUG_INFORMATION_FORMAT = "dwarf-with-dsym";
				ENABLE_NS_ASSERTIONS = NO;
				ENABLE_STRICT_OBJC_MSGSEND = YES;
				GCC_C_LANGUAGE_STANDARD = gnu11;
				GCC_NO_COMMON_BLOCKS = YES;
				GCC_WARN_64_TO_32_BIT_CONVERSION = YES;
				GCC_WARN_ABOUT_RETURN_TYPE = YES_ERROR;
				GCC_WARN_UNDECLARED_SELECTOR = YES;
				GCC_WARN_UNINITIALIZED_AUTOS = YES_AGGRESSIVE;
				GCC_WARN_UNUSED_FUNCTION = YES;
				GCC_WARN_UNUSED_VARIABLE = YES;
				IPHONEOS_DEPLOYMENT_TARGET = 12.2;
				MTL_ENABLE_DEBUG_INFO = NO;
				MTL_FAST_MATH = YES;
				SDKROOT = iphoneos;
				SWIFT_COMPILATION_MODE = wholemodule;
				SWIFT_OPTIMIZATION_LEVEL = "-O";
				VALIDATE_PRODUCT = YES;
			};
			name = Release;
		};
		4321CEDF2268E52600839894 /* Debug */ = {
			isa = XCBuildConfiguration;
			buildSettings = {
				ASSETCATALOG_COMPILER_APPICON_NAME = AppIcon;
				CODE_SIGN_STYLE = Automatic;
				DEVELOPMENT_TEAM = "";
				INFOPLIST_FILE = QuizAppSwift/Info.plist;
				LD_RUNPATH_SEARCH_PATHS = (
					"$(inherited)",
					"@executable_path/Frameworks",
				);
				PRODUCT_BUNDLE_IDENTIFIER = com.leandro.QuizAppSwift;
				PRODUCT_NAME = "$(TARGET_NAME)";
				SWIFT_VERSION = 5.0;
				TARGETED_DEVICE_FAMILY = 1;
			};
			name = Debug;
		};
		4321CEE02268E52600839894 /* Release */ = {
			isa = XCBuildConfiguration;
			buildSettings = {
				ASSETCATALOG_COMPILER_APPICON_NAME = AppIcon;
				CODE_SIGN_STYLE = Automatic;
				DEVELOPMENT_TEAM = "";
				INFOPLIST_FILE = QuizAppSwift/Info.plist;
				LD_RUNPATH_SEARCH_PATHS = (
					"$(inherited)",
					"@executable_path/Frameworks",
				);
				PRODUCT_BUNDLE_IDENTIFIER = com.leandro.QuizAppSwift;
				PRODUCT_NAME = "$(TARGET_NAME)";
				SWIFT_VERSION = 5.0;
				TARGETED_DEVICE_FAMILY = 1;
			};
			name = Release;
		};
/* End XCBuildConfiguration section */

/* Begin XCConfigurationList section */
		4321CEC72268E52400839894 /* Build configuration list for PBXProject "QuizAppSwift" */ = {
			isa = XCConfigurationList;
			buildConfigurations = (
				4321CEDC2268E52600839894 /* Debug */,
				4321CEDD2268E52600839894 /* Release */,
			);
			defaultConfigurationIsVisible = 0;
			defaultConfigurationName = Release;
		};
		4321CEDE2268E52600839894 /* Build configuration list for PBXNativeTarget "QuizAppSwift" */ = {
			isa = XCConfigurationList;
			buildConfigurations = (
				4321CEDF2268E52600839894 /* Debug */,
				4321CEE02268E52600839894 /* Release */,
			);
			defaultConfigurationIsVisible = 0;
			defaultConfigurationName = Release;
		};
/* End XCConfigurationList section */
	};
	rootObject = 4321CEC42268E52400839894 /* Project object */;
}
